// !$*UTF8*$!
{
	archiveVersion = 1;
	classes = {
	};
	objectVersion = 50;
	objects = {

/* Begin PBXBuildFile section */
		62FD30B1221E52B800436A4B /* AppDelegate.swift in Sources */ = {isa = PBXBuildFile; fileRef = 62FD30B0221E52B800436A4B /* AppDelegate.swift */; };
		62FD30B3221E52B800436A4B /* ViewController.swift in Sources */ = {isa = PBXBuildFile; fileRef = 62FD30B2221E52B800436A4B /* ViewController.swift */; };
		62FD30B6221E52B800436A4B /* Main.storyboard in Resources */ = {isa = PBXBuildFile; fileRef = 62FD30B4221E52B800436A4B /* Main.storyboard */; };
		62FD30B8221E52B900436A4B /* Assets.xcassets in Resources */ = {isa = PBXBuildFile; fileRef = 62FD30B7221E52B900436A4B /* Assets.xcassets */; };
		62FD30BB221E52B900436A4B /* LaunchScreen.storyboard in Resources */ = {isa = PBXBuildFile; fileRef = 62FD30B9221E52B900436A4B /* LaunchScreen.storyboard */; };
		62FD30C6221E52B900436A4B /* app_dev_profileTests.swift in Sources */ = {isa = PBXBuildFile; fileRef = 62FD30C5221E52B900436A4B /* app_dev_profileTests.swift */; };
		62FD30D1221E52B900436A4B /* app_dev_profileUITests.swift in Sources */ = {isa = PBXBuildFile; fileRef = 62FD30D0221E52B900436A4B /* app_dev_profileUITests.swift */; };
/* End PBXBuildFile section */

/* Begin PBXContainerItemProxy section */
		62FD30C2221E52B900436A4B /* PBXContainerItemProxy */ = {
			isa = PBXContainerItemProxy;
			containerPortal = 62FD30A5221E52B800436A4B /* Project object */;
			proxyType = 1;
			remoteGlobalIDString = 62FD30AC221E52B800436A4B;
			remoteInfo = "app-dev-profile";
		};
		62FD30CD221E52B900436A4B /* PBXContainerItemProxy */ = {
			isa = PBXContainerItemProxy;
			containerPortal = 62FD30A5221E52B800436A4B /* Project object */;
			proxyType = 1;
			remoteGlobalIDString = 62FD30AC221E52B800436A4B;
			remoteInfo = "app-dev-profile";
		};
/* End PBXContainerItemProxy section */

/* Begin PBXFileReference section */
		62FD30AD221E52B800436A4B /* app-dev-profile.app */ = {isa = PBXFileReference; explicitFileType = wrapper.application; includeInIndex = 0; path = "app-dev-profile.app"; sourceTree = BUILT_PRODUCTS_DIR; };
		62FD30B0221E52B800436A4B /* AppDelegate.swift */ = {isa = PBXFileReference; lastKnownFileType = sourcecode.swift; path = AppDelegate.swift; sourceTree = "<group>"; };
		62FD30B2221E52B800436A4B /* ViewController.swift */ = {isa = PBXFileReference; lastKnownFileType = sourcecode.swift; path = ViewController.swift; sourceTree = "<group>"; };
		62FD30B5221E52B800436A4B /* Base */ = {isa = PBXFileReference; lastKnownFileType = file.storyboard; name = Base; path = Base.lproj/Main.storyboard; sourceTree = "<group>"; };
		62FD30B7221E52B900436A4B /* Assets.xcassets */ = {isa = PBXFileReference; lastKnownFileType = folder.assetcatalog; path = Assets.xcassets; sourceTree = "<group>"; };
		62FD30BA221E52B900436A4B /* Base */ = {isa = PBXFileReference; lastKnownFileType = file.storyboard; name = Base; path = Base.lproj/LaunchScreen.storyboard; sourceTree = "<group>"; };
		62FD30BC221E52B900436A4B /* Info.plist */ = {isa = PBXFileReference; lastKnownFileType = text.plist.xml; path = Info.plist; sourceTree = "<group>"; };
		62FD30C1221E52B900436A4B /* app-dev-profileTests.xctest */ = {isa = PBXFileReference; explicitFileType = wrapper.cfbundle; includeInIndex = 0; path = "app-dev-profileTests.xctest"; sourceTree = BUILT_PRODUCTS_DIR; };
		62FD30C5221E52B900436A4B /* app_dev_profileTests.swift */ = {isa = PBXFileReference; lastKnownFileType = sourcecode.swift; path = app_dev_profileTests.swift; sourceTree = "<group>"; };
		62FD30C7221E52B900436A4B /* Info.plist */ = {isa = PBXFileReference; lastKnownFileType = text.plist.xml; path = Info.plist; sourceTree = "<group>"; };
		62FD30CC221E52B900436A4B /* app-dev-profileUITests.xctest */ = {isa = PBXFileReference; explicitFileType = wrapper.cfbundle; includeInIndex = 0; path = "app-dev-profileUITests.xctest"; sourceTree = BUILT_PRODUCTS_DIR; };
		62FD30D0221E52B900436A4B /* app_dev_profileUITests.swift */ = {isa = PBXFileReference; lastKnownFileType = sourcecode.swift; path = app_dev_profileUITests.swift; sourceTree = "<group>"; };
		62FD30D2221E52B900436A4B /* Info.plist */ = {isa = PBXFileReference; lastKnownFileType = text.plist.xml; path = Info.plist; sourceTree = "<group>"; };
/* End PBXFileReference section */

/* Begin PBXFrameworksBuildPhase section */
		62FD30AA221E52B800436A4B /* Frameworks */ = {
			isa = PBXFrameworksBuildPhase;
			buildActionMask = 2147483647;
			files = (
			);
			runOnlyForDeploymentPostprocessing = 0;
		};
		62FD30BE221E52B900436A4B /* Frameworks */ = {
			isa = PBXFrameworksBuildPhase;
			buildActionMask = 2147483647;
			files = (
			);
			runOnlyForDeploymentPostprocessing = 0;
		};
		62FD30C9221E52B900436A4B /* Frameworks */ = {
			isa = PBXFrameworksBuildPhase;
			buildActionMask = 2147483647;
			files = (
			);
			runOnlyForDeploymentPostprocessing = 0;
		};
/* End PBXFrameworksBuildPhase section */

/* Begin PBXGroup section */
		62FD30A4221E52B800436A4B = {
			isa = PBXGroup;
			children = (
				62FD30AF221E52B800436A4B /* app-dev-profile */,
				62FD30C4221E52B900436A4B /* app-dev-profileTests */,
				62FD30CF221E52B900436A4B /* app-dev-profileUITests */,
				62FD30AE221E52B800436A4B /* Products */,
			);
			sourceTree = "<group>";
		};
		62FD30AE221E52B800436A4B /* Products */ = {
			isa = PBXGroup;
			children = (
				62FD30AD221E52B800436A4B /* app-dev-profile.app */,
				62FD30C1221E52B900436A4B /* app-dev-profileTests.xctest */,
				62FD30CC221E52B900436A4B /* app-dev-profileUITests.xctest */,
			);
			name = Products;
			sourceTree = "<group>";
		};
		62FD30AF221E52B800436A4B /* app-dev-profile */ = {
			isa = PBXGroup;
			children = (
				62FD30B0221E52B800436A4B /* AppDelegate.swift */,
				62FD30B2221E52B800436A4B /* ViewController.swift */,
				62FD30B4221E52B800436A4B /* Main.storyboard */,
				62FD30B7221E52B900436A4B /* Assets.xcassets */,
				62FD30B9221E52B900436A4B /* LaunchScreen.storyboard */,
				62FD30BC221E52B900436A4B /* Info.plist */,
			);
			path = "app-dev-profile";
			sourceTree = "<group>";
		};
		62FD30C4221E52B900436A4B /* app-dev-profileTests */ = {
			isa = PBXGroup;
			children = (
				62FD30C5221E52B900436A4B /* app_dev_profileTests.swift */,
				62FD30C7221E52B900436A4B /* Info.plist */,
			);
			path = "app-dev-profileTests";
			sourceTree = "<group>";
		};
		62FD30CF221E52B900436A4B /* app-dev-profileUITests */ = {
			isa = PBXGroup;
			children = (
				62FD30D0221E52B900436A4B /* app_dev_profileUITests.swift */,
				62FD30D2221E52B900436A4B /* Info.plist */,
			);
			path = "app-dev-profileUITests";
			sourceTree = "<group>";
		};
/* End PBXGroup section */

/* Begin PBXNativeTarget section */
		62FD30AC221E52B800436A4B /* app-dev-profile */ = {
			isa = PBXNativeTarget;
			buildConfigurationList = 62FD30D5221E52B900436A4B /* Build configuration list for PBXNativeTarget "app-dev-profile" */;
			buildPhases = (
				62FD30A9221E52B800436A4B /* Sources */,
				62FD30AA221E52B800436A4B /* Frameworks */,
				62FD30AB221E52B800436A4B /* Resources */,
			);
			buildRules = (
			);
			dependencies = (
			);
			name = "app-dev-profile";
			productName = "app-dev-profile";
			productReference = 62FD30AD221E52B800436A4B /* app-dev-profile.app */;
			productType = "com.apple.product-type.application";
		};
		62FD30C0221E52B900436A4B /* app-dev-profileTests */ = {
			isa = PBXNativeTarget;
			buildConfigurationList = 62FD30D8221E52B900436A4B /* Build configuration list for PBXNativeTarget "app-dev-profileTests" */;
			buildPhases = (
				62FD30BD221E52B900436A4B /* Sources */,
				62FD30BE221E52B900436A4B /* Frameworks */,
				62FD30BF221E52B900436A4B /* Resources */,
			);
			buildRules = (
			);
			dependencies = (
				62FD30C3221E52B900436A4B /* PBXTargetDependency */,
			);
			name = "app-dev-profileTests";
			productName = "app-dev-profileTests";
			productReference = 62FD30C1221E52B900436A4B /* app-dev-profileTests.xctest */;
			productType = "com.apple.product-type.bundle.unit-test";
		};
		62FD30CB221E52B900436A4B /* app-dev-profileUITests */ = {
			isa = PBXNativeTarget;
			buildConfigurationList = 62FD30DB221E52B900436A4B /* Build configuration list for PBXNativeTarget "app-dev-profileUITests" */;
			buildPhases = (
				62FD30C8221E52B900436A4B /* Sources */,
				62FD30C9221E52B900436A4B /* Frameworks */,
				62FD30CA221E52B900436A4B /* Resources */,
			);
			buildRules = (
			);
			dependencies = (
				62FD30CE221E52B900436A4B /* PBXTargetDependency */,
			);
			name = "app-dev-profileUITests";
			productName = "app-dev-profileUITests";
			productReference = 62FD30CC221E52B900436A4B /* app-dev-profileUITests.xctest */;
			productType = "com.apple.product-type.bundle.ui-testing";
		};
/* End PBXNativeTarget section */

/* Begin PBXProject section */
		62FD30A5221E52B800436A4B /* Project object */ = {
			isa = PBXProject;
			attributes = {
				LastSwiftUpdateCheck = 1010;
				LastUpgradeCheck = 1010;
				ORGANIZATIONNAME = "Eduardo Perez";
				TargetAttributes = {
					62FD30AC221E52B800436A4B = {
						CreatedOnToolsVersion = 10.1;
					};
					62FD30C0221E52B900436A4B = {
						CreatedOnToolsVersion = 10.1;
						TestTargetID = 62FD30AC221E52B800436A4B;
					};
					62FD30CB221E52B900436A4B = {
						CreatedOnToolsVersion = 10.1;
						TestTargetID = 62FD30AC221E52B800436A4B;
					};
				};
			};
			buildConfigurationList = 62FD30A8221E52B800436A4B /* Build configuration list for PBXProject "app-dev-profile" */;
			compatibilityVersion = "Xcode 9.3";
			developmentRegion = en;
			hasScannedForEncodings = 0;
			knownRegions = (
				en,
				Base,
			);
			mainGroup = 62FD30A4221E52B800436A4B;
			productRefGroup = 62FD30AE221E52B800436A4B /* Products */;
			projectDirPath = "";
			projectRoot = "";
			targets = (
				62FD30AC221E52B800436A4B /* app-dev-profile */,
				62FD30C0221E52B900436A4B /* app-dev-profileTests */,
				62FD30CB221E52B900436A4B /* app-dev-profileUITests */,
			);
		};
/* End PBXProject section */

/* Begin PBXResourcesBuildPhase section */
		62FD30AB221E52B800436A4B /* Resources */ = {
			isa = PBXResourcesBuildPhase;
			buildActionMask = 2147483647;
			files = (
				62FD30BB221E52B900436A4B /* LaunchScreen.storyboard in Resources */,
				62FD30B8221E52B900436A4B /* Assets.xcassets in Resources */,
				62FD30B6221E52B800436A4B /* Main.storyboard in Resources */,
			);
			runOnlyForDeploymentPostprocessing = 0;
		};
		62FD30BF221E52B900436A4B /* Resources */ = {
			isa = PBXResourcesBuildPhase;
			buildActionMask = 2147483647;
			files = (
			);
			runOnlyForDeploymentPostprocessing = 0;
		};
		62FD30CA221E52B900436A4B /* Resources */ = {
			isa = PBXResourcesBuildPhase;
			buildActionMask = 2147483647;
			files = (
			);
			runOnlyForDeploymentPostprocessing = 0;
		};
/* End PBXResourcesBuildPhase section */

/* Begin PBXSourcesBuildPhase section */
		62FD30A9221E52B800436A4B /* Sources */ = {
			isa = PBXSourcesBuildPhase;
			buildActionMask = 2147483647;
			files = (
				62FD30B3221E52B800436A4B /* ViewController.swift in Sources */,
				62FD30B1221E52B800436A4B /* AppDelegate.swift in Sources */,
			);
			runOnlyForDeploymentPostprocessing = 0;
		};
		62FD30BD221E52B900436A4B /* Sources */ = {
			isa = PBXSourcesBuildPhase;
			buildActionMask = 2147483647;
			files = (
				62FD30C6221E52B900436A4B /* app_dev_profileTests.swift in Sources */,
			);
			runOnlyForDeploymentPostprocessing = 0;
		};
		62FD30C8221E52B900436A4B /* Sources */ = {
			isa = PBXSourcesBuildPhase;
			buildActionMask = 2147483647;
			files = (
				62FD30D1221E52B900436A4B /* app_dev_profileUITests.swift in Sources */,
			);
			runOnlyForDeploymentPostprocessing = 0;
		};
/* End PBXSourcesBuildPhase section */

/* Begin PBXTargetDependency section */
		62FD30C3221E52B900436A4B /* PBXTargetDependency */ = {
			isa = PBXTargetDependency;
			target = 62FD30AC221E52B800436A4B /* app-dev-profile */;
			targetProxy = 62FD30C2221E52B900436A4B /* PBXContainerItemProxy */;
		};
		62FD30CE221E52B900436A4B /* PBXTargetDependency */ = {
			isa = PBXTargetDependency;
			target = 62FD30AC221E52B800436A4B /* app-dev-profile */;
			targetProxy = 62FD30CD221E52B900436A4B /* PBXContainerItemProxy */;
		};
/* End PBXTargetDependency section */

/* Begin PBXVariantGroup section */
		62FD30B4221E52B800436A4B /* Main.storyboard */ = {
			isa = PBXVariantGroup;
			children = (
				62FD30B5221E52B800436A4B /* Base */,
			);
			name = Main.storyboard;
			sourceTree = "<group>";
		};
		62FD30B9221E52B900436A4B /* LaunchScreen.storyboard */ = {
			isa = PBXVariantGroup;
			children = (
				62FD30BA221E52B900436A4B /* Base */,
			);
			name = LaunchScreen.storyboard;
			sourceTree = "<group>";
		};
/* End PBXVariantGroup section */

/* Begin XCBuildConfiguration section */
		62FD30D3221E52B900436A4B /* Debug */ = {
			isa = XCBuildConfiguration;
			buildSettings = {
				ALWAYS_SEARCH_USER_PATHS = NO;
				CLANG_ANALYZER_NONNULL = YES;
				CLANG_ANALYZER_NUMBER_OBJECT_CONVERSION = YES_AGGRESSIVE;
				CLANG_CXX_LANGUAGE_STANDARD = "gnu++14";
				CLANG_CXX_LIBRARY = "libc++";
				CLANG_ENABLE_MODULES = YES;
				CLANG_ENABLE_OBJC_ARC = YES;
				CLANG_ENABLE_OBJC_WEAK = YES;
				CLANG_WARN_BLOCK_CAPTURE_AUTORELEASING = YES;
				CLANG_WARN_BOOL_CONVERSION = YES;
				CLANG_WARN_COMMA = YES;
				CLANG_WARN_CONSTANT_CONVERSION = YES;
				CLANG_WARN_DEPRECATED_OBJC_IMPLEMENTATIONS = YES;
				CLANG_WARN_DIRECT_OBJC_ISA_USAGE = YES_ERROR;
				CLANG_WARN_DOCUMENTATION_COMMENTS = YES;
				CLANG_WARN_EMPTY_BODY = YES;
				CLANG_WARN_ENUM_CONVERSION = YES;
				CLANG_WARN_INFINITE_RECURSION = YES;
				CLANG_WARN_INT_CONVERSION = YES;
				CLANG_WARN_NON_LITERAL_NULL_CONVERSION = YES;
				CLANG_WARN_OBJC_IMPLICIT_RETAIN_SELF = YES;
				CLANG_WARN_OBJC_LITERAL_CONVERSION = YES;
				CLANG_WARN_OBJC_ROOT_CLASS = YES_ERROR;
				CLANG_WARN_RANGE_LOOP_ANALYSIS = YES;
				CLANG_WARN_STRICT_PROTOTYPES = YES;
				CLANG_WARN_SUSPICIOUS_MOVE = YES;
				CLANG_WARN_UNGUARDED_AVAILABILITY = YES_AGGRESSIVE;
				CLANG_WARN_UNREACHABLE_CODE = YES;
				CLANG_WARN__DUPLICATE_METHOD_MATCH = YES;
				CODE_SIGN_IDENTITY = "iPhone Developer";
				COPY_PHASE_STRIP = NO;
				DEBUG_INFORMATION_FORMAT = dwarf;
				ENABLE_STRICT_OBJC_MSGSEND = YES;
				ENABLE_TESTABILITY = YES;
				GCC_C_LANGUAGE_STANDARD = gnu11;
				GCC_DYNAMIC_NO_PIC = NO;
				GCC_NO_COMMON_BLOCKS = YES;
				GCC_OPTIMIZATION_LEVEL = 0;
				GCC_PREPROCESSOR_DEFINITIONS = (
					"DEBUG=1",
					"$(inherited)",
				);
				GCC_WARN_64_TO_32_BIT_CONVERSION = YES;
				GCC_WARN_ABOUT_RETURN_TYPE = YES_ERROR;
				GCC_WARN_UNDECLARED_SELECTOR = YES;
				GCC_WARN_UNINITIALIZED_AUTOS = YES_AGGRESSIVE;
				GCC_WARN_UNUSED_FUNCTION = YES;
				GCC_WARN_UNUSED_VARIABLE = YES;
				IPHONEOS_DEPLOYMENT_TARGET = 12.1;
				MTL_ENABLE_DEBUG_INFO = INCLUDE_SOURCE;
				MTL_FAST_MATH = YES;
				ONLY_ACTIVE_ARCH = YES;
				SDKROOT = iphoneos;
				SWIFT_ACTIVE_COMPILATION_CONDITIONS = DEBUG;
				SWIFT_OPTIMIZATION_LEVEL = "-Onone";
			};
			name = Debug;
		};
		62FD30D4221E52B900436A4B /* Release */ = {
			isa = XCBuildConfiguration;
			buildSettings = {
				ALWAYS_SEARCH_USER_PATHS = NO;
				CLANG_ANALYZER_NONNULL = YES;
				CLANG_ANALYZER_NUMBER_OBJECT_CONVERSION = YES_AGGRESSIVE;
				CLANG_CXX_LANGUAGE_STANDARD = "gnu++14";
				CLANG_CXX_LIBRARY = "libc++";
				CLANG_ENABLE_MODULES = YES;
				CLANG_ENABLE_OBJC_ARC = YES;
				CLANG_ENABLE_OBJC_WEAK = YES;
				CLANG_WARN_BLOCK_CAPTURE_AUTORELEASING = YES;
				CLANG_WARN_BOOL_CONVERSION = YES;
				CLANG_WARN_COMMA = YES;
				CLANG_WARN_CONSTANT_CONVERSION = YES;
				CLANG_WARN_DEPRECATED_OBJC_IMPLEMENTATIONS = YES;
				CLANG_WARN_DIRECT_OBJC_ISA_USAGE = YES_ERROR;
				CLANG_WARN_DOCUMENTATION_COMMENTS = YES;
				CLANG_WARN_EMPTY_BODY = YES;
				CLANG_WARN_ENUM_CONVERSION = YES;
				CLANG_WARN_INFINITE_RECURSION = YES;
				CLANG_WARN_INT_CONVERSION = YES;
				CLANG_WARN_NON_LITERAL_NULL_CONVERSION = YES;
				CLANG_WARN_OBJC_IMPLICIT_RETAIN_SELF = YES;
				CLANG_WARN_OBJC_LITERAL_CONVERSION = YES;
				CLANG_WARN_OBJC_ROOT_CLASS = YES_ERROR;
				CLANG_WARN_RANGE_LOOP_ANALYSIS = YES;
				CLANG_WARN_STRICT_PROTOTYPES = YES;
				CLANG_WARN_SUSPICIOUS_MOVE = YES;
				CLANG_WARN_UNGUARDED_AVAILABILITY = YES_AGGRESSIVE;
				CLANG_WARN_UNREACHABLE_CODE = YES;
				CLANG_WARN__DUPLICATE_METHOD_MATCH = YES;
				CODE_SIGN_IDENTITY = "iPhone Developer";
				COPY_PHASE_STRIP = NO;
				DEBUG_INFORMATION_FORMAT = "dwarf-with-dsym";
				ENABLE_NS_ASSERTIONS = NO;
				ENABLE_STRICT_OBJC_MSGSEND = YES;
				GCC_C_LANGUAGE_STANDARD = gnu11;
				GCC_NO_COMMON_BLOCKS = YES;
				GCC_WARN_64_TO_32_BIT_CONVERSION = YES;
				GCC_WARN_ABOUT_RETURN_TYPE = YES_ERROR;
				GCC_WARN_UNDECLARED_SELECTOR = YES;
				GCC_WARN_UNINITIALIZED_AUTOS = YES_AGGRESSIVE;
				GCC_WARN_UNUSED_FUNCTION = YES;
				GCC_WARN_UNUSED_VARIABLE = YES;
				IPHONEOS_DEPLOYMENT_TARGET = 12.1;
				MTL_ENABLE_DEBUG_INFO = NO;
				MTL_FAST_MATH = YES;
				SDKROOT = iphoneos;
				SWIFT_COMPILATION_MODE = wholemodule;
				SWIFT_OPTIMIZATION_LEVEL = "-O";
				VALIDATE_PRODUCT = YES;
			};
			name = Release;
		};
		62FD30D6221E52B900436A4B /* Debug */ = {
			isa = XCBuildConfiguration;
			buildSettings = {
				ASSETCATALOG_COMPILER_APPICON_NAME = AppIcon;
				CODE_SIGN_STYLE = Automatic;
				DEVELOPMENT_TEAM = 3M3L879YH4;
				INFOPLIST_FILE = "app-dev-profile/Info.plist";
				LD_RUNPATH_SEARCH_PATHS = (
					"$(inherited)",
					"@executable_path/Frameworks",
				);
				PRODUCT_BUNDLE_IDENTIFIER = "com.learningcourse-ios.app-dev-profile";
				PRODUCT_NAME = "$(TARGET_NAME)";
				SWIFT_VERSION = 4.2;
				TARGETED_DEVICE_FAMILY = "1,2";
			};
			name = Debug;
		};
		62FD30D7221E52B900436A4B /* Release */ = {
			isa = XCBuildConfiguration;
			buildSettings = {
				ASSETCATALOG_COMPILER_APPICON_NAME = AppIcon;
				CODE_SIGN_STYLE = Automatic;
				DEVELOPMENT_TEAM = 3M3L879YH4;
				INFOPLIST_FILE = "app-dev-profile/Info.plist";
				LD_RUNPATH_SEARCH_PATHS = (
					"$(inherited)",
					"@executable_path/Frameworks",
				);
				PRODUCT_BUNDLE_IDENTIFIER = "com.learningcourse-ios.app-dev-profile";
				PRODUCT_NAME = "$(TARGET_NAME)";
				SWIFT_VERSION = 4.2;
				TARGETED_DEVICE_FAMILY = "1,2";
			};
			name = Release;
		};
		62FD30D9221E52B900436A4B /* Debug */ = {
			isa = XCBuildConfiguration;
			buildSettings = {
				ALWAYS_EMBED_SWIFT_STANDARD_LIBRARIES = YES;
				BUNDLE_LOADER = "$(TEST_HOST)";
				CODE_SIGN_STYLE = Automatic;
				DEVELOPMENT_TEAM = 3M3L879YH4;
				INFOPLIST_FILE = "app-dev-profileTests/Info.plist";
				LD_RUNPATH_SEARCH_PATHS = (
					"$(inherited)",
					"@executable_path/Frameworks",
					"@loader_path/Frameworks",
				);
				PRODUCT_BUNDLE_IDENTIFIER = "com.learningcourse-ios.app-dev-profileTests";
				PRODUCT_NAME = "$(TARGET_NAME)";
				SWIFT_VERSION = 4.2;
				TARGETED_DEVICE_FAMILY = "1,2";
				TEST_HOST = "$(BUILT_PRODUCTS_DIR)/app-dev-profile.app/app-dev-profile";
			};
			name = Debug;
		};
		62FD30DA221E52B900436A4B /* Release */ = {
			isa = XCBuildConfiguration;
			buildSettings = {
				ALWAYS_EMBED_SWIFT_STANDARD_LIBRARIES = YES;
				BUNDLE_LOADER = "$(TEST_HOST)";
				CODE_SIGN_STYLE = Automatic;
				DEVELOPMENT_TEAM = 3M3L879YH4;
				INFOPLIST_FILE = "app-dev-profileTests/Info.plist";
				LD_RUNPATH_SEARCH_PATHS = (
					"$(inherited)",
					"@executable_path/Frameworks",
					"@loader_path/Frameworks",
				);
				PRODUCT_BUNDLE_IDENTIFIER = "com.learningcourse-ios.app-dev-profileTests";
				PRODUCT_NAME = "$(TARGET_NAME)";
				SWIFT_VERSION = 4.2;
				TARGETED_DEVICE_FAMILY = "1,2";
				TEST_HOST = "$(BUILT_PRODUCTS_DIR)/app-dev-profile.app/app-dev-profile";
			};
			name = Release;
		};
		62FD30DC221E52B900436A4B /* Debug */ = {
			isa = XCBuildConfiguration;
			buildSettings = {
				ALWAYS_EMBED_SWIFT_STANDARD_LIBRARIES = YES;
				CODE_SIGN_STYLE = Automatic;
				DEVELOPMENT_TEAM = 3M3L879YH4;
				INFOPLIST_FILE = "app-dev-profileUITests/Info.plist";
				LD_RUNPATH_SEARCH_PATHS = (
					"$(inherited)",
					"@executable_path/Frameworks",
					"@loader_path/Frameworks",
				);
				PRODUCT_BUNDLE_IDENTIFIER = "com.learningcourse-ios.app-dev-profileUITests";
				PRODUCT_NAME = "$(TARGET_NAME)";
				SWIFT_VERSION = 4.2;
				TARGETED_DEVICE_FAMILY = "1,2";
				TEST_TARGET_NAME = "app-dev-profile";
			};
			name = Debug;
		};
		62FD30DD221E52B900436A4B /* Release */ = {
			isa = XCBuildConfiguration;
			buildSettings = {
				ALWAYS_EMBED_SWIFT_STANDARD_LIBRARIES = YES;
				CODE_SIGN_STYLE = Automatic;
				DEVELOPMENT_TEAM = 3M3L879YH4;
				INFOPLIST_FILE = "app-dev-profileUITests/Info.plist";
				LD_RUNPATH_SEARCH_PATHS = (
					"$(inherited)",
					"@executable_path/Frameworks",
					"@loader_path/Frameworks",
				);
				PRODUCT_BUNDLE_IDENTIFIER = "com.learningcourse-ios.app-dev-profileUITests";
				PRODUCT_NAME = "$(TARGET_NAME)";
				SWIFT_VERSION = 4.2;
				TARGETED_DEVICE_FAMILY = "1,2";
				TEST_TARGET_NAME = "app-dev-profile";
			};
			name = Release;
		};
/* End XCBuildConfiguration section */

/* Begin XCConfigurationList section */
		62FD30A8221E52B800436A4B /* Build configuration list for PBXProject "app-dev-profile" */ = {
			isa = XCConfigurationList;
			buildConfigurations = (
				62FD30D3221E52B900436A4B /* Debug */,
				62FD30D4221E52B900436A4B /* Release */,
			);
			defaultConfigurationIsVisible = 0;
			defaultConfigurationName = Release;
		};
		62FD30D5221E52B900436A4B /* Build configuration list for PBXNativeTarget "app-dev-profile" */ = {
			isa = XCConfigurationList;
			buildConfigurations = (
				62FD30D6221E52B900436A4B /* Debug */,
				62FD30D7221E52B900436A4B /* Release */,
			);
			defaultConfigurationIsVisible = 0;
			defaultConfigurationName = Release;
		};
		62FD30D8221E52B900436A4B /* Build configuration list for PBXNativeTarget "app-dev-profileTests" */ = {
			isa = XCConfigurationList;
			buildConfigurations = (
				62FD30D9221E52B900436A4B /* Debug */,
				62FD30DA221E52B900436A4B /* Release */,
			);
			defaultConfigurationIsVisible = 0;
			defaultConfigurationName = Release;
		};
		62FD30DB221E52B900436A4B /* Build configuration list for PBXNativeTarget "app-dev-profileUITests" */ = {
			isa = XCConfigurationList;
			buildConfigurations = (
				62FD30DC221E52B900436A4B /* Debug */,
				62FD30DD221E52B900436A4B /* Release */,
			);
			defaultConfigurationIsVisible = 0;
			defaultConfigurationName = Release;
		};
/* End XCConfigurationList section */
	};
	rootObject = 62FD30A5221E52B800436A4B /* Project object */;
}
